
Microsoft Visual Studio Solution File, Format Version 12.00
# Visual Studio Version 16
VisualStudioVersion = 16.0.31129.286
MinimumVisualStudioVersion = 10.0.40219.1
Project("{FAE04EC0-301F-11D3-BF4B-00C04F79EFBC}") = "ComputerGraphicStudies", "ComputerGraphicStudies\ComputerGraphicStudies.csproj", "{386AEE68-F9F2-4D19-9918-D1CC90B99362}"
EndProject
Global
	GlobalSection(SolutionConfigurationPlatforms) = preSolution
		Debug|Any CPU = Debug|Any CPU
		Release|Any CPU = Release|Any CPU
	EndGlobalSection
	GlobalSection(ProjectConfigurationPlatforms) = postSolution
		{386AEE68-F9F2-4D19-9918-D1CC90B99362}.Debug|Any CPU.ActiveCfg = Debug|Any CPU
		{386AEE68-F9F2-4D19-9918-D1CC90B99362}.Debug|Any CPU.Build.0 = Debug|Any CPU
		{386AEE68-F9F2-4D19-9918-D1CC90B99362}.Release|Any CPU.ActiveCfg = Release|Any CPU
		{386AEE68-F9F2-4D19-9918-D1CC90B99362}.Release|Any CPU.Build.0 = Release|Any CPU
	EndGlobalSection
	GlobalSection(SolutionProperties) = preSolution
		HideSolutionNode = FALSE
	EndGlobalSection
	GlobalSection(ExtensibilityGlobals) = postSolution
		SolutionGuid = {95177512-393F-4E1E-81B0-959710CEA5BD}
	EndGlobalSection
EndGlobal
